
Microsoft Visual Studio Solution File, Format Version 12.00
# Visual Studio Version 17
VisualStudioVersion = 17.10.35013.160
MinimumVisualStudioVersion = 10.0.40219.1
Project("{FAE04EC0-301F-11D3-BF4B-00C04F79EFBC}") = "Kingdom Hearts 4 Launcher", "Kingdom Hearts 4 Launcher\Kingdom Hearts 4 Launcher.csproj", "{30D3FC74-FAA0-4916-99C5-D5389652C294}"
EndProject
Project("{FAE04EC0-301F-11D3-BF4B-00C04F79EFBC}") = "Kingdom Hearts 2 Launcher", "Kingdom Hearts 2 Launcher\Kingdom Hearts 2 Launcher.csproj", "{F12C1FFE-8FCA-495C-BEC9-AE63926F744A}"
EndProject
Global
	GlobalSection(SolutionConfigurationPlatforms) = preSolution
		Debug|Any CPU = Debug|Any CPU
		Release|Any CPU = Release|Any CPU
	EndGlobalSection
	GlobalSection(ProjectConfigurationPlatforms) = postSolution
		{30D3FC74-FAA0-4916-99C5-D5389652C294}.Debug|Any CPU.ActiveCfg = Debug|Any CPU
		{30D3FC74-FAA0-4916-99C5-D5389652C294}.Debug|Any CPU.Build.0 = Debug|Any CPU
		{30D3FC74-FAA0-4916-99C5-D5389652C294}.Release|Any CPU.ActiveCfg = Release|Any CPU
		{30D3FC74-FAA0-4916-99C5-D5389652C294}.Release|Any CPU.Build.0 = Release|Any CPU
		{F12C1FFE-8FCA-495C-BEC9-AE63926F744A}.Debug|Any CPU.ActiveCfg = Debug|Any CPU
		{F12C1FFE-8FCA-495C-BEC9-AE63926F744A}.Debug|Any CPU.Build.0 = Debug|Any CPU
		{F12C1FFE-8FCA-495C-BEC9-AE63926F744A}.Release|Any CPU.ActiveCfg = Release|Any CPU
		{F12C1FFE-8FCA-495C-BEC9-AE63926F744A}.Release|Any CPU.Build.0 = Release|Any CPU
	EndGlobalSection
	GlobalSection(SolutionProperties) = preSolution
		HideSolutionNode = FALSE
	EndGlobalSection
	GlobalSection(ExtensibilityGlobals) = postSolution
		SolutionGuid = {F4834CAE-8BCB-4E6F-AD3A-78F65A2036C1}
	EndGlobalSection
EndGlobal
